// !$*UTF8*$!
{
	archiveVersion = 1;
	classes = {
	};
	objectVersion = 77;
	objects = {

/* Begin PBXBuildFile section */
		93F7C5DD2D4EAFC90009A5F7 /* PhotosUI.framework in Frameworks */ = {isa = PBXBuildFile; fileRef = 93F7C5DC2D4EAFC90009A5F7 /* PhotosUI.framework */; };
		93F7C5DF2D4EAFC90009A5F7 /* Photos.framework in Frameworks */ = {isa = PBXBuildFile; fileRef = 93F7C5DE2D4EAFC90009A5F7 /* Photos.framework */; };
		93F7C5EA2D4EAFC90009A5F7 /* Edit in darktable.appex in Embed Foundation Extensions */ = {isa = PBXBuildFile; fileRef = 93F7C5DA2D4EAFC90009A5F7 /* Edit in darktable.appex */; settings = {ATTRIBUTES = (RemoveHeadersOnCopy, ); }; };
/* End PBXBuildFile section */

/* Begin PBXContainerItemProxy section */
		93F7C5BA2D4EAF7E0009A5F7 /* PBXContainerItemProxy */ = {
			isa = PBXContainerItemProxy;
			containerPortal = 93F7C5A02D4EAF7D0009A5F7 /* Project object */;
			proxyType = 1;
			remoteGlobalIDString = 93F7C5A72D4EAF7D0009A5F7;
			remoteInfo = DarktableLauncherApp;
		};
		93F7C5C42D4EAF7E0009A5F7 /* PBXContainerItemProxy */ = {
			isa = PBXContainerItemProxy;
			containerPortal = 93F7C5A02D4EAF7D0009A5F7 /* Project object */;
			proxyType = 1;
			remoteGlobalIDString = 93F7C5A72D4EAF7D0009A5F7;
			remoteInfo = DarktableLauncherApp;
		};
		93F7C5E82D4EAFC90009A5F7 /* PBXContainerItemProxy */ = {
			isa = PBXContainerItemProxy;
			containerPortal = 93F7C5A02D4EAF7D0009A5F7 /* Project object */;
			proxyType = 1;
			remoteGlobalIDString = 93F7C5D92D4EAFC90009A5F7;
			remoteInfo = "Edit in darktable";
		};
/* End PBXContainerItemProxy section */

/* Begin PBXCopyFilesBuildPhase section */
		93F7C5EF2D4EAFC90009A5F7 /* Embed Foundation Extensions */ = {
			isa = PBXCopyFilesBuildPhase;
			buildActionMask = 2147483647;
			dstPath = "";
			dstSubfolderSpec = 13;
			files = (
				93F7C5EA2D4EAFC90009A5F7 /* Edit in darktable.appex in Embed Foundation Extensions */,
			);
			name = "Embed Foundation Extensions";
			runOnlyForDeploymentPostprocessing = 0;
		};
/* End PBXCopyFilesBuildPhase section */

/* Begin PBXFileReference section */
		93F7C5A82D4EAF7D0009A5F7 /* DarktableLauncherApp.app */ = {isa = PBXFileReference; explicitFileType = wrapper.application; includeInIndex = 0; path = DarktableLauncherApp.app; sourceTree = BUILT_PRODUCTS_DIR; };
		93F7C5B92D4EAF7E0009A5F7 /* DarktableLauncherAppTests.xctest */ = {isa = PBXFileReference; explicitFileType = wrapper.cfbundle; includeInIndex = 0; path = DarktableLauncherAppTests.xctest; sourceTree = BUILT_PRODUCTS_DIR; };
		93F7C5C32D4EAF7E0009A5F7 /* DarktableLauncherAppUITests.xctest */ = {isa = PBXFileReference; explicitFileType = wrapper.cfbundle; includeInIndex = 0; path = DarktableLauncherAppUITests.xctest; sourceTree = BUILT_PRODUCTS_DIR; };
		93F7C5DA2D4EAFC90009A5F7 /* Edit in darktable.appex */ = {isa = PBXFileReference; explicitFileType = "wrapper.app-extension"; includeInIndex = 0; path = "Edit in darktable.appex"; sourceTree = BUILT_PRODUCTS_DIR; };
		93F7C5DC2D4EAFC90009A5F7 /* PhotosUI.framework */ = {isa = PBXFileReference; lastKnownFileType = wrapper.framework; name = PhotosUI.framework; path = System/Library/Frameworks/PhotosUI.framework; sourceTree = SDKROOT; };
		93F7C5DE2D4EAFC90009A5F7 /* Photos.framework */ = {isa = PBXFileReference; lastKnownFileType = wrapper.framework; name = Photos.framework; path = System/Library/Frameworks/Photos.framework; sourceTree = SDKROOT; };
/* End PBXFileReference section */

/* Begin PBXFileSystemSynchronizedBuildFileExceptionSet section */
		93F7C5EB2D4EAFC90009A5F7 /* Exceptions for "Edit in darktable" folder in "Edit in darktable" target */ = {
			isa = PBXFileSystemSynchronizedBuildFileExceptionSet;
			membershipExceptions = (
				Info.plist,
			);
			target = 93F7C5D92D4EAFC90009A5F7 /* Edit in darktable */;
		};
/* End PBXFileSystemSynchronizedBuildFileExceptionSet section */

/* Begin PBXFileSystemSynchronizedRootGroup section */
		93F7C5AA2D4EAF7D0009A5F7 /* DarktableLauncherApp */ = {
			isa = PBXFileSystemSynchronizedRootGroup;
			path = DarktableLauncherApp;
			sourceTree = "<group>";
		};
		93F7C5BC2D4EAF7E0009A5F7 /* DarktableLauncherAppTests */ = {
			isa = PBXFileSystemSynchronizedRootGroup;
			path = DarktableLauncherAppTests;
			sourceTree = "<group>";
		};
		93F7C5C62D4EAF7E0009A5F7 /* DarktableLauncherAppUITests */ = {
			isa = PBXFileSystemSynchronizedRootGroup;
			path = DarktableLauncherAppUITests;
			sourceTree = "<group>";
		};
		93F7C5E02D4EAFC90009A5F7 /* Edit in darktable */ = {
			isa = PBXFileSystemSynchronizedRootGroup;
			exceptions = (
				93F7C5EB2D4EAFC90009A5F7 /* Exceptions for "Edit in darktable" folder in "Edit in darktable" target */,
			);
			path = "Edit in darktable";
			sourceTree = "<group>";
		};
/* End PBXFileSystemSynchronizedRootGroup section */

/* Begin PBXFrameworksBuildPhase section */
		93F7C5A52D4EAF7D0009A5F7 /* Frameworks */ = {
			isa = PBXFrameworksBuildPhase;
			buildActionMask = 2147483647;
			files = (
			);
			runOnlyForDeploymentPostprocessing = 0;
		};
		93F7C5B62D4EAF7E0009A5F7 /* Frameworks */ = {
			isa = PBXFrameworksBuildPhase;
			buildActionMask = 2147483647;
			files = (
			);
			runOnlyForDeploymentPostprocessing = 0;
		};
		93F7C5C02D4EAF7E0009A5F7 /* Frameworks */ = {
			isa = PBXFrameworksBuildPhase;
			buildActionMask = 2147483647;
			files = (
			);
			runOnlyForDeploymentPostprocessing = 0;
		};
		93F7C5D72D4EAFC90009A5F7 /* Frameworks */ = {
			isa = PBXFrameworksBuildPhase;
			buildActionMask = 2147483647;
			files = (
				93F7C5DD2D4EAFC90009A5F7 /* PhotosUI.framework in Frameworks */,
				93F7C5DF2D4EAFC90009A5F7 /* Photos.framework in Frameworks */,
			);
			runOnlyForDeploymentPostprocessing = 0;
		};
/* End PBXFrameworksBuildPhase section */

/* Begin PBXGroup section */
		93F7C59F2D4EAF7D0009A5F7 = {
			isa = PBXGroup;
			children = (
				93F7C5AA2D4EAF7D0009A5F7 /* DarktableLauncherApp */,
				93F7C5BC2D4EAF7E0009A5F7 /* DarktableLauncherAppTests */,
				93F7C5C62D4EAF7E0009A5F7 /* DarktableLauncherAppUITests */,
				93F7C5E02D4EAFC90009A5F7 /* Edit in darktable */,
				93F7C5DB2D4EAFC90009A5F7 /* Frameworks */,
				93F7C5A92D4EAF7D0009A5F7 /* Products */,
			);
			sourceTree = "<group>";
		};
		93F7C5A92D4EAF7D0009A5F7 /* Products */ = {
			isa = PBXGroup;
			children = (
				93F7C5A82D4EAF7D0009A5F7 /* DarktableLauncherApp.app */,
				93F7C5B92D4EAF7E0009A5F7 /* DarktableLauncherAppTests.xctest */,
				93F7C5C32D4EAF7E0009A5F7 /* DarktableLauncherAppUITests.xctest */,
				93F7C5DA2D4EAFC90009A5F7 /* Edit in darktable.appex */,
			);
			name = Products;
			sourceTree = "<group>";
		};
		93F7C5DB2D4EAFC90009A5F7 /* Frameworks */ = {
			isa = PBXGroup;
			children = (
				93F7C5DC2D4EAFC90009A5F7 /* PhotosUI.framework */,
				93F7C5DE2D4EAFC90009A5F7 /* Photos.framework */,
			);
			name = Frameworks;
			sourceTree = "<group>";
		};
/* End PBXGroup section */

/* Begin PBXNativeTarget section */
		93F7C5A72D4EAF7D0009A5F7 /* DarktableLauncherApp */ = {
			isa = PBXNativeTarget;
			buildConfigurationList = 93F7C5CD2D4EAF7E0009A5F7 /* Build configuration list for PBXNativeTarget "DarktableLauncherApp" */;
			buildPhases = (
				93F7C5A42D4EAF7D0009A5F7 /* Sources */,
				93F7C5A52D4EAF7D0009A5F7 /* Frameworks */,
				93F7C5A62D4EAF7D0009A5F7 /* Resources */,
				93F7C5EF2D4EAFC90009A5F7 /* Embed Foundation Extensions */,
			);
			buildRules = (
			);
			dependencies = (
				93F7C5E92D4EAFC90009A5F7 /* PBXTargetDependency */,
			);
			fileSystemSynchronizedGroups = (
				93F7C5AA2D4EAF7D0009A5F7 /* DarktableLauncherApp */,
			);
			name = DarktableLauncherApp;
			packageProductDependencies = (
			);
			productName = DarktableLauncherApp;
			productReference = 93F7C5A82D4EAF7D0009A5F7 /* DarktableLauncherApp.app */;
			productType = "com.apple.product-type.application";
		};
		93F7C5B82D4EAF7E0009A5F7 /* DarktableLauncherAppTests */ = {
			isa = PBXNativeTarget;
			buildConfigurationList = 93F7C5D02D4EAF7E0009A5F7 /* Build configuration list for PBXNativeTarget "DarktableLauncherAppTests" */;
			buildPhases = (
				93F7C5B52D4EAF7E0009A5F7 /* Sources */,
				93F7C5B62D4EAF7E0009A5F7 /* Frameworks */,
				93F7C5B72D4EAF7E0009A5F7 /* Resources */,
			);
			buildRules = (
			);
			dependencies = (
				93F7C5BB2D4EAF7E0009A5F7 /* PBXTargetDependency */,
			);
			fileSystemSynchronizedGroups = (
				93F7C5BC2D4EAF7E0009A5F7 /* DarktableLauncherAppTests */,
			);
			name = DarktableLauncherAppTests;
			packageProductDependencies = (
			);
			productName = DarktableLauncherAppTests;
			productReference = 93F7C5B92D4EAF7E0009A5F7 /* DarktableLauncherAppTests.xctest */;
			productType = "com.apple.product-type.bundle.unit-test";
		};
		93F7C5C22D4EAF7E0009A5F7 /* DarktableLauncherAppUITests */ = {
			isa = PBXNativeTarget;
			buildConfigurationList = 93F7C5D32D4EAF7E0009A5F7 /* Build configuration list for PBXNativeTarget "DarktableLauncherAppUITests" */;
			buildPhases = (
				93F7C5BF2D4EAF7E0009A5F7 /* Sources */,
				93F7C5C02D4EAF7E0009A5F7 /* Frameworks */,
				93F7C5C12D4EAF7E0009A5F7 /* Resources */,
			);
			buildRules = (
			);
			dependencies = (
				93F7C5C52D4EAF7E0009A5F7 /* PBXTargetDependency */,
			);
			fileSystemSynchronizedGroups = (
				93F7C5C62D4EAF7E0009A5F7 /* DarktableLauncherAppUITests */,
			);
			name = DarktableLauncherAppUITests;
			packageProductDependencies = (
			);
			productName = DarktableLauncherAppUITests;
			productReference = 93F7C5C32D4EAF7E0009A5F7 /* DarktableLauncherAppUITests.xctest */;
			productType = "com.apple.product-type.bundle.ui-testing";
		};
		93F7C5D92D4EAFC90009A5F7 /* Edit in darktable */ = {
			isa = PBXNativeTarget;
			buildConfigurationList = 93F7C5EC2D4EAFC90009A5F7 /* Build configuration list for PBXNativeTarget "Edit in darktable" */;
			buildPhases = (
				93F7C5D62D4EAFC90009A5F7 /* Sources */,
				93F7C5D72D4EAFC90009A5F7 /* Frameworks */,
				93F7C5D82D4EAFC90009A5F7 /* Resources */,
			);
			buildRules = (
			);
			dependencies = (
			);
			fileSystemSynchronizedGroups = (
				93F7C5E02D4EAFC90009A5F7 /* Edit in darktable */,
			);
			name = "Edit in darktable";
			packageProductDependencies = (
			);
			productName = "Edit in darktable";
			productReference = 93F7C5DA2D4EAFC90009A5F7 /* Edit in darktable.appex */;
			productType = "com.apple.product-type.app-extension";
		};
/* End PBXNativeTarget section */

/* Begin PBXProject section */
		93F7C5A02D4EAF7D0009A5F7 /* Project object */ = {
			isa = PBXProject;
			attributes = {
				BuildIndependentTargetsInParallel = 1;
				LastSwiftUpdateCheck = 1620;
				LastUpgradeCheck = 1620;
				TargetAttributes = {
					93F7C5A72D4EAF7D0009A5F7 = {
						CreatedOnToolsVersion = 16.2;
					};
					93F7C5B82D4EAF7E0009A5F7 = {
						CreatedOnToolsVersion = 16.2;
						TestTargetID = 93F7C5A72D4EAF7D0009A5F7;
					};
					93F7C5C22D4EAF7E0009A5F7 = {
						CreatedOnToolsVersion = 16.2;
						TestTargetID = 93F7C5A72D4EAF7D0009A5F7;
					};
					93F7C5D92D4EAFC90009A5F7 = {
						CreatedOnToolsVersion = 16.2;
					};
				};
			};
			buildConfigurationList = 93F7C5A32D4EAF7D0009A5F7 /* Build configuration list for PBXProject "DarktableLauncherApp" */;
			developmentRegion = en;
			hasScannedForEncodings = 0;
			knownRegions = (
				en,
				Base,
			);
			mainGroup = 93F7C59F2D4EAF7D0009A5F7;
			minimizedProjectReferenceProxies = 1;
			preferredProjectObjectVersion = 77;
			productRefGroup = 93F7C5A92D4EAF7D0009A5F7 /* Products */;
			projectDirPath = "";
			projectRoot = "";
			targets = (
				93F7C5A72D4EAF7D0009A5F7 /* DarktableLauncherApp */,
				93F7C5B82D4EAF7E0009A5F7 /* DarktableLauncherAppTests */,
				93F7C5C22D4EAF7E0009A5F7 /* DarktableLauncherAppUITests */,
				93F7C5D92D4EAFC90009A5F7 /* Edit in darktable */,
			);
		};
/* End PBXProject section */

/* Begin PBXResourcesBuildPhase section */
		93F7C5A62D4EAF7D0009A5F7 /* Resources */ = {
			isa = PBXResourcesBuildPhase;
			buildActionMask = 2147483647;
			files = (
			);
			runOnlyForDeploymentPostprocessing = 0;
		};
		93F7C5B72D4EAF7E0009A5F7 /* Resources */ = {
			isa = PBXResourcesBuildPhase;
			buildActionMask = 2147483647;
			files = (
			);
			runOnlyForDeploymentPostprocessing = 0;
		};
		93F7C5C12D4EAF7E0009A5F7 /* Resources */ = {
			isa = PBXResourcesBuildPhase;
			buildActionMask = 2147483647;
			files = (
			);
			runOnlyForDeploymentPostprocessing = 0;
		};
		93F7C5D82D4EAFC90009A5F7 /* Resources */ = {
			isa = PBXResourcesBuildPhase;
			buildActionMask = 2147483647;
			files = (
			);
			runOnlyForDeploymentPostprocessing = 0;
		};
/* End PBXResourcesBuildPhase section */

/* Begin PBXSourcesBuildPhase section */
		93F7C5A42D4EAF7D0009A5F7 /* Sources */ = {
			isa = PBXSourcesBuildPhase;
			buildActionMask = 2147483647;
			files = (
			);
			runOnlyForDeploymentPostprocessing = 0;
		};
		93F7C5B52D4EAF7E0009A5F7 /* Sources */ = {
			isa = PBXSourcesBuildPhase;
			buildActionMask = 2147483647;
			files = (
			);
			runOnlyForDeploymentPostprocessing = 0;
		};
		93F7C5BF2D4EAF7E0009A5F7 /* Sources */ = {
			isa = PBXSourcesBuildPhase;
			buildActionMask = 2147483647;
			files = (
			);
			runOnlyForDeploymentPostprocessing = 0;
		};
		93F7C5D62D4EAFC90009A5F7 /* Sources */ = {
			isa = PBXSourcesBuildPhase;
			buildActionMask = 2147483647;
			files = (
			);
			runOnlyForDeploymentPostprocessing = 0;
		};
/* End PBXSourcesBuildPhase section */

/* Begin PBXTargetDependency section */
		93F7C5BB2D4EAF7E0009A5F7 /* PBXTargetDependency */ = {
			isa = PBXTargetDependency;
			target = 93F7C5A72D4EAF7D0009A5F7 /* DarktableLauncherApp */;
			targetProxy = 93F7C5BA2D4EAF7E0009A5F7 /* PBXContainerItemProxy */;
		};
		93F7C5C52D4EAF7E0009A5F7 /* PBXTargetDependency */ = {
			isa = PBXTargetDependency;
			target = 93F7C5A72D4EAF7D0009A5F7 /* DarktableLauncherApp */;
			targetProxy = 93F7C5C42D4EAF7E0009A5F7 /* PBXContainerItemProxy */;
		};
		93F7C5E92D4EAFC90009A5F7 /* PBXTargetDependency */ = {
			isa = PBXTargetDependency;
			target = 93F7C5D92D4EAFC90009A5F7 /* Edit in darktable */;
			targetProxy = 93F7C5E82D4EAFC90009A5F7 /* PBXContainerItemProxy */;
		};
/* End PBXTargetDependency section */

/* Begin XCBuildConfiguration section */
		93F7C5CB2D4EAF7E0009A5F7 /* Debug */ = {
			isa = XCBuildConfiguration;
			buildSettings = {
				ALWAYS_SEARCH_USER_PATHS = NO;
				ASSETCATALOG_COMPILER_GENERATE_SWIFT_ASSET_SYMBOL_EXTENSIONS = YES;
				CLANG_ANALYZER_NONNULL = YES;
				CLANG_ANALYZER_NUMBER_OBJECT_CONVERSION = YES_AGGRESSIVE;
				CLANG_CXX_LANGUAGE_STANDARD = "gnu++20";
				CLANG_ENABLE_MODULES = YES;
				CLANG_ENABLE_OBJC_ARC = YES;
				CLANG_ENABLE_OBJC_WEAK = YES;
				CLANG_WARN_BLOCK_CAPTURE_AUTORELEASING = YES;
				CLANG_WARN_BOOL_CONVERSION = YES;
				CLANG_WARN_COMMA = YES;
				CLANG_WARN_CONSTANT_CONVERSION = YES;
				CLANG_WARN_DEPRECATED_OBJC_IMPLEMENTATIONS = YES;
				CLANG_WARN_DIRECT_OBJC_ISA_USAGE = YES_ERROR;
				CLANG_WARN_DOCUMENTATION_COMMENTS = YES;
				CLANG_WARN_EMPTY_BODY = YES;
				CLANG_WARN_ENUM_CONVERSION = YES;
				CLANG_WARN_INFINITE_RECURSION = YES;
				CLANG_WARN_INT_CONVERSION = YES;
				CLANG_WARN_NON_LITERAL_NULL_CONVERSION = YES;
				CLANG_WARN_OBJC_IMPLICIT_RETAIN_SELF = YES;
				CLANG_WARN_OBJC_LITERAL_CONVERSION = YES;
				CLANG_WARN_OBJC_ROOT_CLASS = YES_ERROR;
				CLANG_WARN_QUOTED_INCLUDE_IN_FRAMEWORK_HEADER = YES;
				CLANG_WARN_RANGE_LOOP_ANALYSIS = YES;
				CLANG_WARN_STRICT_PROTOTYPES = YES;
				CLANG_WARN_SUSPICIOUS_MOVE = YES;
				CLANG_WARN_UNGUARDED_AVAILABILITY = YES_AGGRESSIVE;
				CLANG_WARN_UNREACHABLE_CODE = YES;
				CLANG_WARN__DUPLICATE_METHOD_MATCH = YES;
				COPY_PHASE_STRIP = NO;
				DEBUG_INFORMATION_FORMAT = dwarf;
				ENABLE_STRICT_OBJC_MSGSEND = YES;
				ENABLE_TESTABILITY = YES;
				ENABLE_USER_SCRIPT_SANDBOXING = YES;
				GCC_C_LANGUAGE_STANDARD = gnu17;
				GCC_DYNAMIC_NO_PIC = NO;
				GCC_NO_COMMON_BLOCKS = YES;
				GCC_OPTIMIZATION_LEVEL = 0;
				GCC_PREPROCESSOR_DEFINITIONS = (
					"DEBUG=1",
					"$(inherited)",
				);
				GCC_WARN_64_TO_32_BIT_CONVERSION = YES;
				GCC_WARN_ABOUT_RETURN_TYPE = YES_ERROR;
				GCC_WARN_UNDECLARED_SELECTOR = YES;
				GCC_WARN_UNINITIALIZED_AUTOS = YES_AGGRESSIVE;
				GCC_WARN_UNUSED_FUNCTION = YES;
				GCC_WARN_UNUSED_VARIABLE = YES;
				LOCALIZATION_PREFERS_STRING_CATALOGS = YES;
				MTL_ENABLE_DEBUG_INFO = INCLUDE_SOURCE;
				MTL_FAST_MATH = YES;
				ONLY_ACTIVE_ARCH = YES;
				SWIFT_ACTIVE_COMPILATION_CONDITIONS = "DEBUG $(inherited)";
				SWIFT_OPTIMIZATION_LEVEL = "-Onone";
			};
			name = Debug;
		};
		93F7C5CC2D4EAF7E0009A5F7 /* Release */ = {
			isa = XCBuildConfiguration;
			buildSettings = {
				ALWAYS_SEARCH_USER_PATHS = NO;
				ASSETCATALOG_COMPILER_GENERATE_SWIFT_ASSET_SYMBOL_EXTENSIONS = YES;
				CLANG_ANALYZER_NONNULL = YES;
				CLANG_ANALYZER_NUMBER_OBJECT_CONVERSION = YES_AGGRESSIVE;
				CLANG_CXX_LANGUAGE_STANDARD = "gnu++20";
				CLANG_ENABLE_MODULES = YES;
				CLANG_ENABLE_OBJC_ARC = YES;
				CLANG_ENABLE_OBJC_WEAK = YES;
				CLANG_WARN_BLOCK_CAPTURE_AUTORELEASING = YES;
				CLANG_WARN_BOOL_CONVERSION = YES;
				CLANG_WARN_COMMA = YES;
				CLANG_WARN_CONSTANT_CONVERSION = YES;
				CLANG_WARN_DEPRECATED_OBJC_IMPLEMENTATIONS = YES;
				CLANG_WARN_DIRECT_OBJC_ISA_USAGE = YES_ERROR;
				CLANG_WARN_DOCUMENTATION_COMMENTS = YES;
				CLANG_WARN_EMPTY_BODY = YES;
				CLANG_WARN_ENUM_CONVERSION = YES;
				CLANG_WARN_INFINITE_RECURSION = YES;
				CLANG_WARN_INT_CONVERSION = YES;
				CLANG_WARN_NON_LITERAL_NULL_CONVERSION = YES;
				CLANG_WARN_OBJC_IMPLICIT_RETAIN_SELF = YES;
				CLANG_WARN_OBJC_LITERAL_CONVERSION = YES;
				CLANG_WARN_OBJC_ROOT_CLASS = YES_ERROR;
				CLANG_WARN_QUOTED_INCLUDE_IN_FRAMEWORK_HEADER = YES;
				CLANG_WARN_RANGE_LOOP_ANALYSIS = YES;
				CLANG_WARN_STRICT_PROTOTYPES = YES;
				CLANG_WARN_SUSPICIOUS_MOVE = YES;
				CLANG_WARN_UNGUARDED_AVAILABILITY = YES_AGGRESSIVE;
				CLANG_WARN_UNREACHABLE_CODE = YES;
				CLANG_WARN__DUPLICATE_METHOD_MATCH = YES;
				COPY_PHASE_STRIP = NO;
				DEBUG_INFORMATION_FORMAT = "dwarf-with-dsym";
				ENABLE_NS_ASSERTIONS = NO;
				ENABLE_STRICT_OBJC_MSGSEND = YES;
				ENABLE_USER_SCRIPT_SANDBOXING = YES;
				GCC_C_LANGUAGE_STANDARD = gnu17;
				GCC_NO_COMMON_BLOCKS = YES;
				GCC_WARN_64_TO_32_BIT_CONVERSION = YES;
				GCC_WARN_ABOUT_RETURN_TYPE = YES_ERROR;
				GCC_WARN_UNDECLARED_SELECTOR = YES;
				GCC_WARN_UNINITIALIZED_AUTOS = YES_AGGRESSIVE;
				GCC_WARN_UNUSED_FUNCTION = YES;
				GCC_WARN_UNUSED_VARIABLE = YES;
				LOCALIZATION_PREFERS_STRING_CATALOGS = YES;
				MTL_ENABLE_DEBUG_INFO = NO;
				MTL_FAST_MATH = YES;
				SWIFT_COMPILATION_MODE = wholemodule;
			};
			name = Release;
		};
		93F7C5CE2D4EAF7E0009A5F7 /* Debug */ = {
			isa = XCBuildConfiguration;
			buildSettings = {
				ASSETCATALOG_COMPILER_APPICON_NAME = AppIcon;
				ASSETCATALOG_COMPILER_GLOBAL_ACCENT_COLOR_NAME = AccentColor;
				CODE_SIGN_ENTITLEMENTS = DarktableLauncherApp/DarktableLauncherApp.entitlements;
				CODE_SIGN_STYLE = Automatic;
				CURRENT_PROJECT_VERSION = 1;
				DEVELOPMENT_ASSET_PATHS = "\"DarktableLauncherApp/Preview Content\"";
				ENABLE_PREVIEWS = YES;
				GENERATE_INFOPLIST_FILE = YES;
				"INFOPLIST_KEY_UIApplicationSceneManifest_Generation[sdk=iphoneos*]" = YES;
				"INFOPLIST_KEY_UIApplicationSceneManifest_Generation[sdk=iphonesimulator*]" = YES;
				"INFOPLIST_KEY_UIApplicationSupportsIndirectInputEvents[sdk=iphoneos*]" = YES;
				"INFOPLIST_KEY_UIApplicationSupportsIndirectInputEvents[sdk=iphonesimulator*]" = YES;
				"INFOPLIST_KEY_UILaunchScreen_Generation[sdk=iphoneos*]" = YES;
				"INFOPLIST_KEY_UILaunchScreen_Generation[sdk=iphonesimulator*]" = YES;
				"INFOPLIST_KEY_UIStatusBarStyle[sdk=iphoneos*]" = UIStatusBarStyleDefault;
				"INFOPLIST_KEY_UIStatusBarStyle[sdk=iphonesimulator*]" = UIStatusBarStyleDefault;
				INFOPLIST_KEY_UISupportedInterfaceOrientations_iPad = "UIInterfaceOrientationPortrait UIInterfaceOrientationPortraitUpsideDown UIInterfaceOrientationLandscapeLeft UIInterfaceOrientationLandscapeRight";
				INFOPLIST_KEY_UISupportedInterfaceOrientations_iPhone = "UIInterfaceOrientationPortrait UIInterfaceOrientationLandscapeLeft UIInterfaceOrientationLandscapeRight";
				IPHONEOS_DEPLOYMENT_TARGET = 18.2;
				LD_RUNPATH_SEARCH_PATHS = "@executable_path/Frameworks";
				"LD_RUNPATH_SEARCH_PATHS[sdk=macosx*]" = "@executable_path/../Frameworks";
				MACOSX_DEPLOYMENT_TARGET = 15.2;
				MARKETING_VERSION = 1.0;
				PRODUCT_BUNDLE_IDENTIFIER = dev.tenderlove.DarktableLauncherApp.DarktableLauncherApp;
				PRODUCT_NAME = "$(TARGET_NAME)";
				SDKROOT = auto;
				SUPPORTED_PLATFORMS = "iphoneos iphonesimulator macosx xros xrsimulator";
				SWIFT_EMIT_LOC_STRINGS = YES;
				SWIFT_VERSION = 5.0;
				TARGETED_DEVICE_FAMILY = "1,2,7";
				XROS_DEPLOYMENT_TARGET = 2.2;
			};
			name = Debug;
		};
		93F7C5CF2D4EAF7E0009A5F7 /* Release */ = {
			isa = XCBuildConfiguration;
			buildSettings = {
				ASSETCATALOG_COMPILER_APPICON_NAME = AppIcon;
				ASSETCATALOG_COMPILER_GLOBAL_ACCENT_COLOR_NAME = AccentColor;
				CODE_SIGN_ENTITLEMENTS = DarktableLauncherApp/DarktableLauncherApp.entitlements;
				CODE_SIGN_STYLE = Automatic;
				CURRENT_PROJECT_VERSION = 1;
				DEVELOPMENT_ASSET_PATHS = "\"DarktableLauncherApp/Preview Content\"";
				ENABLE_PREVIEWS = YES;
				GENERATE_INFOPLIST_FILE = YES;
				"INFOPLIST_KEY_UIApplicationSceneManifest_Generation[sdk=iphoneos*]" = YES;
				"INFOPLIST_KEY_UIApplicationSceneManifest_Generation[sdk=iphonesimulator*]" = YES;
				"INFOPLIST_KEY_UIApplicationSupportsIndirectInputEvents[sdk=iphoneos*]" = YES;
				"INFOPLIST_KEY_UIApplicationSupportsIndirectInputEvents[sdk=iphonesimulator*]" = YES;
				"INFOPLIST_KEY_UILaunchScreen_Generation[sdk=iphoneos*]" = YES;
				"INFOPLIST_KEY_UILaunchScreen_Generation[sdk=iphonesimulator*]" = YES;
				"INFOPLIST_KEY_UIStatusBarStyle[sdk=iphoneos*]" = UIStatusBarStyleDefault;
				"INFOPLIST_KEY_UIStatusBarStyle[sdk=iphonesimulator*]" = UIStatusBarStyleDefault;
				INFOPLIST_KEY_UISupportedInterfaceOrientations_iPad = "UIInterfaceOrientationPortrait UIInterfaceOrientationPortraitUpsideDown UIInterfaceOrientationLandscapeLeft UIInterfaceOrientationLandscapeRight";
				INFOPLIST_KEY_UISupportedInterfaceOrientations_iPhone = "UIInterfaceOrientationPortrait UIInterfaceOrientationLandscapeLeft UIInterfaceOrientationLandscapeRight";
				IPHONEOS_DEPLOYMENT_TARGET = 18.2;
				LD_RUNPATH_SEARCH_PATHS = "@executable_path/Frameworks";
				"LD_RUNPATH_SEARCH_PATHS[sdk=macosx*]" = "@executable_path/../Frameworks";
				MACOSX_DEPLOYMENT_TARGET = 15.2;
				MARKETING_VERSION = 1.0;
				PRODUCT_BUNDLE_IDENTIFIER = dev.tenderlove.DarktableLauncherApp.DarktableLauncherApp;
				PRODUCT_NAME = "$(TARGET_NAME)";
				SDKROOT = auto;
				SUPPORTED_PLATFORMS = "iphoneos iphonesimulator macosx xros xrsimulator";
				SWIFT_EMIT_LOC_STRINGS = YES;
				SWIFT_VERSION = 5.0;
				TARGETED_DEVICE_FAMILY = "1,2,7";
				XROS_DEPLOYMENT_TARGET = 2.2;
			};
			name = Release;
		};
		93F7C5D12D4EAF7E0009A5F7 /* Debug */ = {
			isa = XCBuildConfiguration;
			buildSettings = {
				BUNDLE_LOADER = "$(TEST_HOST)";
				CODE_SIGN_STYLE = Automatic;
				CURRENT_PROJECT_VERSION = 1;
				GENERATE_INFOPLIST_FILE = YES;
				IPHONEOS_DEPLOYMENT_TARGET = 18.2;
				MACOSX_DEPLOYMENT_TARGET = 15.2;
				MARKETING_VERSION = 1.0;
				PRODUCT_BUNDLE_IDENTIFIER = dev.tenderlove.DarktableLauncherApp.DarktableLauncherAppTests;
				PRODUCT_NAME = "$(TARGET_NAME)";
				SDKROOT = auto;
				SUPPORTED_PLATFORMS = "iphoneos iphonesimulator macosx xros xrsimulator";
				SWIFT_EMIT_LOC_STRINGS = NO;
				SWIFT_VERSION = 5.0;
				TARGETED_DEVICE_FAMILY = "1,2,7";
				TEST_HOST = "$(BUILT_PRODUCTS_DIR)/DarktableLauncherApp.app/$(BUNDLE_EXECUTABLE_FOLDER_PATH)/DarktableLauncherApp";
				XROS_DEPLOYMENT_TARGET = 2.2;
			};
			name = Debug;
		};
		93F7C5D22D4EAF7E0009A5F7 /* Release */ = {
			isa = XCBuildConfiguration;
			buildSettings = {
				BUNDLE_LOADER = "$(TEST_HOST)";
				CODE_SIGN_STYLE = Automatic;
				CURRENT_PROJECT_VERSION = 1;
				GENERATE_INFOPLIST_FILE = YES;
				IPHONEOS_DEPLOYMENT_TARGET = 18.2;
				MACOSX_DEPLOYMENT_TARGET = 15.2;
				MARKETING_VERSION = 1.0;
				PRODUCT_BUNDLE_IDENTIFIER = dev.tenderlove.DarktableLauncherApp.DarktableLauncherAppTests;
				PRODUCT_NAME = "$(TARGET_NAME)";
				SDKROOT = auto;
				SUPPORTED_PLATFORMS = "iphoneos iphonesimulator macosx xros xrsimulator";
				SWIFT_EMIT_LOC_STRINGS = NO;
				SWIFT_VERSION = 5.0;
				TARGETED_DEVICE_FAMILY = "1,2,7";
				TEST_HOST = "$(BUILT_PRODUCTS_DIR)/DarktableLauncherApp.app/$(BUNDLE_EXECUTABLE_FOLDER_PATH)/DarktableLauncherApp";
				XROS_DEPLOYMENT_TARGET = 2.2;
			};
			name = Release;
		};
		93F7C5D42D4EAF7E0009A5F7 /* Debug */ = {
			isa = XCBuildConfiguration;
			buildSettings = {
				CODE_SIGN_STYLE = Automatic;
				CURRENT_PROJECT_VERSION = 1;
				GENERATE_INFOPLIST_FILE = YES;
				IPHONEOS_DEPLOYMENT_TARGET = 18.2;
				MACOSX_DEPLOYMENT_TARGET = 15.2;
				MARKETING_VERSION = 1.0;
				PRODUCT_BUNDLE_IDENTIFIER = dev.tenderlove.DarktableLauncherApp.DarktableLauncherAppUITests;
				PRODUCT_NAME = "$(TARGET_NAME)";
				SDKROOT = auto;
				SUPPORTED_PLATFORMS = "iphoneos iphonesimulator macosx xros xrsimulator";
				SWIFT_EMIT_LOC_STRINGS = NO;
				SWIFT_VERSION = 5.0;
				TARGETED_DEVICE_FAMILY = "1,2,7";
				TEST_TARGET_NAME = DarktableLauncherApp;
				XROS_DEPLOYMENT_TARGET = 2.2;
			};
			name = Debug;
		};
		93F7C5D52D4EAF7E0009A5F7 /* Release */ = {
			isa = XCBuildConfiguration;
			buildSettings = {
				CODE_SIGN_STYLE = Automatic;
				CURRENT_PROJECT_VERSION = 1;
				GENERATE_INFOPLIST_FILE = YES;
				IPHONEOS_DEPLOYMENT_TARGET = 18.2;
				MACOSX_DEPLOYMENT_TARGET = 15.2;
				MARKETING_VERSION = 1.0;
				PRODUCT_BUNDLE_IDENTIFIER = dev.tenderlove.DarktableLauncherApp.DarktableLauncherAppUITests;
				PRODUCT_NAME = "$(TARGET_NAME)";
				SDKROOT = auto;
				SUPPORTED_PLATFORMS = "iphoneos iphonesimulator macosx xros xrsimulator";
				SWIFT_EMIT_LOC_STRINGS = NO;
				SWIFT_VERSION = 5.0;
				TARGETED_DEVICE_FAMILY = "1,2,7";
				TEST_TARGET_NAME = DarktableLauncherApp;
				XROS_DEPLOYMENT_TARGET = 2.2;
			};
			name = Release;
		};
		93F7C5ED2D4EAFC90009A5F7 /* Debug */ = {
			isa = XCBuildConfiguration;
			buildSettings = {
				CODE_SIGN_ENTITLEMENTS = "Edit in darktable/Edit_in_darktable.entitlements";
				CODE_SIGN_STYLE = Automatic;
				CURRENT_PROJECT_VERSION = 1;
				GENERATE_INFOPLIST_FILE = YES;
				INFOPLIST_FILE = "Edit in darktable/Info.plist";
				INFOPLIST_KEY_CFBundleDisplayName = "Edit in darktable";
				INFOPLIST_KEY_NSHumanReadableCopyright = "";
				LD_RUNPATH_SEARCH_PATHS = (
					"$(inherited)",
					"@executable_path/../Frameworks",
					"@executable_path/../../../../Frameworks",
				);
				MACOSX_DEPLOYMENT_TARGET = 15.2;
				MARKETING_VERSION = 1.0;
				PRODUCT_BUNDLE_IDENTIFIER = "dev.tenderlove.DarktableLauncherApp.DarktableLauncherApp.Edit-in-darktable";
				PRODUCT_NAME = "$(TARGET_NAME)";
				SDKROOT = macosx;
				SKIP_INSTALL = YES;
				SWIFT_EMIT_LOC_STRINGS = YES;
				SWIFT_VERSION = 5.0;
			};
			name = Debug;
		};
		93F7C5EE2D4EAFC90009A5F7 /* Release */ = {
			isa = XCBuildConfiguration;
			buildSettings = {
				CODE_SIGN_ENTITLEMENTS = "Edit in darktable/Edit_in_darktable.entitlements";
				CODE_SIGN_STYLE = Automatic;
				CURRENT_PROJECT_VERSION = 1;
				GENERATE_INFOPLIST_FILE = YES;
				INFOPLIST_FILE = "Edit in darktable/Info.plist";
				INFOPLIST_KEY_CFBundleDisplayName = "Edit in darktable";
				INFOPLIST_KEY_NSHumanReadableCopyright = "";
				LD_RUNPATH_SEARCH_PATHS = (
					"$(inherited)",
					"@executable_path/../Frameworks",
					"@executable_path/../../../../Frameworks",
				);
				MACOSX_DEPLOYMENT_TARGET = 15.2;
				MARKETING_VERSION = 1.0;
				PRODUCT_BUNDLE_IDENTIFIER = "dev.tenderlove.DarktableLauncherApp.DarktableLauncherApp.Edit-in-darktable";
				PRODUCT_NAME = "$(TARGET_NAME)";
				SDKROOT = macosx;
				SKIP_INSTALL = YES;
				SWIFT_EMIT_LOC_STRINGS = YES;
				SWIFT_VERSION = 5.0;
			};
			name = Release;
		};
/* End XCBuildConfiguration section */

/* Begin XCConfigurationList section */
		93F7C5A32D4EAF7D0009A5F7 /* Build configuration list for PBXProject "DarktableLauncherApp" */ = {
			isa = XCConfigurationList;
			buildConfigurations = (
				93F7C5CB2D4EAF7E0009A5F7 /* Debug */,
				93F7C5CC2D4EAF7E0009A5F7 /* Release */,
			);
			defaultConfigurationIsVisible = 0;
			defaultConfigurationName = Release;
		};
		93F7C5CD2D4EAF7E0009A5F7 /* Build configuration list for PBXNativeTarget "DarktableLauncherApp" */ = {
			isa = XCConfigurationList;
			buildConfigurations = (
				93F7C5CE2D4EAF7E0009A5F7 /* Debug */,
				93F7C5CF2D4EAF7E0009A5F7 /* Release */,
			);
			defaultConfigurationIsVisible = 0;
			defaultConfigurationName = Release;
		};
		93F7C5D02D4EAF7E0009A5F7 /* Build configuration list for PBXNativeTarget "DarktableLauncherAppTests" */ = {
			isa = XCConfigurationList;
			buildConfigurations = (
				93F7C5D12D4EAF7E0009A5F7 /* Debug */,
				93F7C5D22D4EAF7E0009A5F7 /* Release */,
			);
			defaultConfigurationIsVisible = 0;
			defaultConfigurationName = Release;
		};
		93F7C5D32D4EAF7E0009A5F7 /* Build configuration list for PBXNativeTarget "DarktableLauncherAppUITests" */ = {
			isa = XCConfigurationList;
			buildConfigurations = (
				93F7C5D42D4EAF7E0009A5F7 /* Debug */,
				93F7C5D52D4EAF7E0009A5F7 /* Release */,
			);
			defaultConfigurationIsVisible = 0;
			defaultConfigurationName = Release;
		};
		93F7C5EC2D4EAFC90009A5F7 /* Build configuration list for PBXNativeTarget "Edit in darktable" */ = {
			isa = XCConfigurationList;
			buildConfigurations = (
				93F7C5ED2D4EAFC90009A5F7 /* Debug */,
				93F7C5EE2D4EAFC90009A5F7 /* Release */,
			);
			defaultConfigurationIsVisible = 0;
			defaultConfigurationName = Release;
		};
/* End XCConfigurationList section */
	};
	rootObject = 93F7C5A02D4EAF7D0009A5F7 /* Project object */;
}
